
Microsoft Visual Studio Solution File, Format Version 12.00
# Visual Studio Version 17
VisualStudioVersion = 17.11.35312.102
MinimumVisualStudioVersion = 10.0.40219.1
Project("{FAE04EC0-301F-11D3-BF4B-00C04F79EFBC}") = "AuthenticationDemo", "AuthenticationDemo.csproj", "{C294B88E-9AE9-46EC-9838-0E4DE4CD3115}"
EndProject
Global
	GlobalSection(SolutionConfigurationPlatforms) = preSolution
		Debug|Any CPU = Debug|Any CPU
		Release|Any CPU = Release|Any CPU
	EndGlobalSection
	GlobalSection(ProjectConfigurationPlatforms) = postSolution
		{C294B88E-9AE9-46EC-9838-0E4DE4CD3115}.Debug|Any CPU.ActiveCfg = Debug|Any CPU
		{C294B88E-9AE9-46EC-9838-0E4DE4CD3115}.Debug|Any CPU.Build.0 = Debug|Any CPU
		{C294B88E-9AE9-46EC-9838-0E4DE4CD3115}.Release|Any CPU.ActiveCfg = Release|Any CPU
		{C294B88E-9AE9-46EC-9838-0E4DE4CD3115}.Release|Any CPU.Build.0 = Release|Any CPU
	EndGlobalSection
	GlobalSection(SolutionProperties) = preSolution
		HideSolutionNode = FALSE
	EndGlobalSection
	GlobalSection(ExtensibilityGlobals) = postSolution
		SolutionGuid = {270F78E9-87D0-4637-847A-A1F80A8DCE3A}
	EndGlobalSection
EndGlobal
